github.com/StefMa/hugo-fresh v1.2.0 h1:F7j98xExM7Iu/Mz7uzgNBfPuwB3zufe4cfArSxCxpkM=
github.com/StefMa/hugo-fresh v1.2.0/go.mod h1:yRzHyco0bfnITjvq7rfAiOADfGMrDlM0kXeKBllUJEc=
github.com/jgthms/bulma v0.0.0-20220508134905-3e00a8e6d0d0/go.mod h1:89FLBKXYFKfOKAoDeUT26V0pHGwzr205cMXAEqtAVOI=
github.com/jgthms/bulma v0.0.0-20241227202524-785418143e18 h1:iSibU2thhlwtnJDyc+QJVkoi4Jou6QvHQzLGavN7XYc=
github.com/jgthms/bulma v0.0.0-20241227202524-785418143e18/go.mod h1:89FLBKXYFKfOKAoDeUT26V0pHGwzr205cMXAEqtAVOI=
